
Microsoft Visual Studio Solution File, Format Version 12.00
# Visual Studio 15
VisualStudioVersion = 15.0.27703.2026
MinimumVisualStudioVersion = 10.0.40219.1
Project("{9A19103F-16F7-4668-BE54-9A1E7A4F7556}") = "MtgCardOrganizer.Api", "MtgCardOrganizer.Api\MtgCardOrganizer.Api.csproj", "{AE3CC662-7FF6-4C2A-B01C-BEDE77DD8B6B}"
EndProject
Project("{9A19103F-16F7-4668-BE54-9A1E7A4F7556}") = "MtgCardOrganizer.Bll", "MtgCardOrganizer.Bll\MtgCardOrganizer.Bll.csproj", "{F5408884-A873-4367-B2BF-06B9B8F744A4}"
EndProject
Project("{9A19103F-16F7-4668-BE54-9A1E7A4F7556}") = "MtgCardOrganizer.Dal", "MtgCardOrganizer.Dal\MtgCardOrganizer.Dal.csproj", "{D5D13E3C-6BA2-4924-B18C-48A4BBE12579}"
EndProject
Project("{9A19103F-16F7-4668-BE54-9A1E7A4F7556}") = "MtgCardOrganizer.Seeding", "MtgCardOrganizer.Seeding\MtgCardOrganizer.Seeding.csproj", "{D791C36F-4835-4ABB-8242-0045963012A3}"
EndProject
Project("{9A19103F-16F7-4668-BE54-9A1E7A4F7556}") = "MtgCardOrganizer.Tests", "MtgCardOrganizer.Tests\MtgCardOrganizer.Tests.csproj", "{17284900-02BE-4F9B-89EC-8DF51D8458FF}"
EndProject
Global
	GlobalSection(SolutionConfigurationPlatforms) = preSolution
		Debug|Any CPU = Debug|Any CPU
		Release|Any CPU = Release|Any CPU
	EndGlobalSection
	GlobalSection(ProjectConfigurationPlatforms) = postSolution
		{AE3CC662-7FF6-4C2A-B01C-BEDE77DD8B6B}.Debug|Any CPU.ActiveCfg = Debug|Any CPU
		{AE3CC662-7FF6-4C2A-B01C-BEDE77DD8B6B}.Debug|Any CPU.Build.0 = Debug|Any CPU
		{AE3CC662-7FF6-4C2A-B01C-BEDE77DD8B6B}.Release|Any CPU.ActiveCfg = Release|Any CPU
		{AE3CC662-7FF6-4C2A-B01C-BEDE77DD8B6B}.Release|Any CPU.Build.0 = Release|Any CPU
		{F5408884-A873-4367-B2BF-06B9B8F744A4}.Debug|Any CPU.ActiveCfg = Debug|Any CPU
		{F5408884-A873-4367-B2BF-06B9B8F744A4}.Debug|Any CPU.Build.0 = Debug|Any CPU
		{F5408884-A873-4367-B2BF-06B9B8F744A4}.Release|Any CPU.ActiveCfg = Release|Any CPU
		{F5408884-A873-4367-B2BF-06B9B8F744A4}.Release|Any CPU.Build.0 = Release|Any CPU
		{D5D13E3C-6BA2-4924-B18C-48A4BBE12579}.Debug|Any CPU.ActiveCfg = Debug|Any CPU
		{D5D13E3C-6BA2-4924-B18C-48A4BBE12579}.Debug|Any CPU.Build.0 = Debug|Any CPU
		{D5D13E3C-6BA2-4924-B18C-48A4BBE12579}.Release|Any CPU.ActiveCfg = Release|Any CPU
		{D5D13E3C-6BA2-4924-B18C-48A4BBE12579}.Release|Any CPU.Build.0 = Release|Any CPU
		{D791C36F-4835-4ABB-8242-0045963012A3}.Debug|Any CPU.ActiveCfg = Debug|Any CPU
		{D791C36F-4835-4ABB-8242-0045963012A3}.Debug|Any CPU.Build.0 = Debug|Any CPU
		{D791C36F-4835-4ABB-8242-0045963012A3}.Release|Any CPU.ActiveCfg = Release|Any CPU
		{D791C36F-4835-4ABB-8242-0045963012A3}.Release|Any CPU.Build.0 = Release|Any CPU
		{17284900-02BE-4F9B-89EC-8DF51D8458FF}.Debug|Any CPU.ActiveCfg = Debug|Any CPU
		{17284900-02BE-4F9B-89EC-8DF51D8458FF}.Debug|Any CPU.Build.0 = Debug|Any CPU
		{17284900-02BE-4F9B-89EC-8DF51D8458FF}.Release|Any CPU.ActiveCfg = Release|Any CPU
		{17284900-02BE-4F9B-89EC-8DF51D8458FF}.Release|Any CPU.Build.0 = Release|Any CPU
	EndGlobalSection
	GlobalSection(SolutionProperties) = preSolution
		HideSolutionNode = FALSE
	EndGlobalSection
	GlobalSection(ExtensibilityGlobals) = postSolution
		SolutionGuid = {3C7B3F9F-F116-4C3C-A0AC-69BC72FB4BB2}
	EndGlobalSection
EndGlobal
